
Microsoft Visual Studio Solution File, Format Version 12.00
# Visual Studio Version 16
VisualStudioVersion = 16.0.31410.357
MinimumVisualStudioVersion = 10.0.40219.1
Project("{FAE04EC0-301F-11D3-BF4B-00C04F79EFBC}") = "LerPlanilhaExcel", "LerPlanilhaExcel\LerPlanilhaExcel.csproj", "{59384D9B-A28E-4F12-8A30-049B0C2661A0}"
EndProject
Global
	GlobalSection(SolutionConfigurationPlatforms) = preSolution
		Debug|Any CPU = Debug|Any CPU
		Release|Any CPU = Release|Any CPU
	EndGlobalSection
	GlobalSection(ProjectConfigurationPlatforms) = postSolution
		{59384D9B-A28E-4F12-8A30-049B0C2661A0}.Debug|Any CPU.ActiveCfg = Debug|Any CPU
		{59384D9B-A28E-4F12-8A30-049B0C2661A0}.Debug|Any CPU.Build.0 = Debug|Any CPU
		{59384D9B-A28E-4F12-8A30-049B0C2661A0}.Release|Any CPU.ActiveCfg = Release|Any CPU
		{59384D9B-A28E-4F12-8A30-049B0C2661A0}.Release|Any CPU.Build.0 = Release|Any CPU
	EndGlobalSection
	GlobalSection(SolutionProperties) = preSolution
		HideSolutionNode = FALSE
	EndGlobalSection
	GlobalSection(ExtensibilityGlobals) = postSolution
		SolutionGuid = {2FEC05D1-EEEB-48BC-9626-14D3361A5FEA}
	EndGlobalSection
EndGlobal
